
Microsoft Visual Studio Solution File, Format Version 12.00
# Visual Studio Version 17
VisualStudioVersion = 17.6.33815.320
MinimumVisualStudioVersion = 10.0.40219.1
Project("{FAE04EC0-301F-11D3-BF4B-00C04F79EFBC}") = "zadania_warunki", "zadania_warunki.csproj", "{2C79DCE1-6631-4594-A56B-170ED35A7A8C}"
EndProject
Global
	GlobalSection(SolutionConfigurationPlatforms) = preSolution
		Debug|Any CPU = Debug|Any CPU
		Release|Any CPU = Release|Any CPU
	EndGlobalSection
	GlobalSection(ProjectConfigurationPlatforms) = postSolution
		{2C79DCE1-6631-4594-A56B-170ED35A7A8C}.Debug|Any CPU.ActiveCfg = Debug|Any CPU
		{2C79DCE1-6631-4594-A56B-170ED35A7A8C}.Debug|Any CPU.Build.0 = Debug|Any CPU
		{2C79DCE1-6631-4594-A56B-170ED35A7A8C}.Release|Any CPU.ActiveCfg = Release|Any CPU
		{2C79DCE1-6631-4594-A56B-170ED35A7A8C}.Release|Any CPU.Build.0 = Release|Any CPU
	EndGlobalSection
	GlobalSection(SolutionProperties) = preSolution
		HideSolutionNode = FALSE
	EndGlobalSection
	GlobalSection(ExtensibilityGlobals) = postSolution
		SolutionGuid = {31810ED7-5E9F-4922-BDAF-57FDF222024F}
	EndGlobalSection
EndGlobal
