
Microsoft Visual Studio Solution File, Format Version 12.00
# Visual Studio Version 17
VisualStudioVersion = 17.6.33815.320
MinimumVisualStudioVersion = 10.0.40219.1
Project("{FAE04EC0-301F-11D3-BF4B-00C04F79EFBC}") = "zadania_petle", "zadania_petle.csproj", "{54D86E1C-29D5-4435-AC0E-A077F2EC2F09}"
EndProject
Global
	GlobalSection(SolutionConfigurationPlatforms) = preSolution
		Debug|Any CPU = Debug|Any CPU
		Release|Any CPU = Release|Any CPU
	EndGlobalSection
	GlobalSection(ProjectConfigurationPlatforms) = postSolution
		{54D86E1C-29D5-4435-AC0E-A077F2EC2F09}.Debug|Any CPU.ActiveCfg = Debug|Any CPU
		{54D86E1C-29D5-4435-AC0E-A077F2EC2F09}.Debug|Any CPU.Build.0 = Debug|Any CPU
		{54D86E1C-29D5-4435-AC0E-A077F2EC2F09}.Release|Any CPU.ActiveCfg = Release|Any CPU
		{54D86E1C-29D5-4435-AC0E-A077F2EC2F09}.Release|Any CPU.Build.0 = Release|Any CPU
	EndGlobalSection
	GlobalSection(SolutionProperties) = preSolution
		HideSolutionNode = FALSE
	EndGlobalSection
	GlobalSection(ExtensibilityGlobals) = postSolution
		SolutionGuid = {50D66816-E19A-42ED-8FD4-0735ACFA008A}
	EndGlobalSection
EndGlobal
